
Microsoft Visual Studio Solution File, Format Version 12.00
# Visual Studio Version 16
VisualStudioVersion = 16.0.31624.102
MinimumVisualStudioVersion = 10.0.40219.1
Project("{FAE04EC0-301F-11D3-BF4B-00C04F79EFBC}") = "Taller_ComplejidadCiclo2", "Taller_ComplejidadCiclo2.csproj", "{98E7DDFA-BE6E-43E4-9841-3DE5993B215C}"
EndProject
Global
	GlobalSection(SolutionConfigurationPlatforms) = preSolution
		Debug|Any CPU = Debug|Any CPU
		Release|Any CPU = Release|Any CPU
	EndGlobalSection
	GlobalSection(ProjectConfigurationPlatforms) = postSolution
		{98E7DDFA-BE6E-43E4-9841-3DE5993B215C}.Debug|Any CPU.ActiveCfg = Debug|Any CPU
		{98E7DDFA-BE6E-43E4-9841-3DE5993B215C}.Debug|Any CPU.Build.0 = Debug|Any CPU
		{98E7DDFA-BE6E-43E4-9841-3DE5993B215C}.Release|Any CPU.ActiveCfg = Release|Any CPU
		{98E7DDFA-BE6E-43E4-9841-3DE5993B215C}.Release|Any CPU.Build.0 = Release|Any CPU
	EndGlobalSection
	GlobalSection(SolutionProperties) = preSolution
		HideSolutionNode = FALSE
	EndGlobalSection
	GlobalSection(ExtensibilityGlobals) = postSolution
		SolutionGuid = {540757B6-26D4-4E55-A08A-51DDFCC2C098}
	EndGlobalSection
EndGlobal
